{
    "_meta": {
        "hash": {
            "sha256": "efa6057a311e3d0be0c3581699a2cd48ae79cfee2998a4dcb7c74a736d2b3525"
        },
        "pipfile-spec": 6,
        "requires": {
            "awscli": "*",
            "python_version": "3.6"
        },
        "sources": [
            {
                "name": "pypi",
                "url": "https://pypi.org/simple",
                "verify_ssl": true
            }
        ]
    },
    "default": {},
    "develop": {}
}
